
Microsoft Visual Studio Solution File, Format Version 12.00
# Visual Studio 2012
Project("{FAE04EC0-301F-11D3-BF4B-00C04F79EFBC}") = "DataJsExample", "DataJsExample.csproj", "{FEB61F62-0059-47C2-AC98-39C745B70027}"
EndProject
Global
	GlobalSection(SolutionConfigurationPlatforms) = preSolution
		Debug|Any CPU = Debug|Any CPU
		Release|Any CPU = Release|Any CPU
	EndGlobalSection
	GlobalSection(ProjectConfigurationPlatforms) = postSolution
		{FEB61F62-0059-47C2-AC98-39C745B70027}.Debug|Any CPU.ActiveCfg = Debug|Any CPU
		{FEB61F62-0059-47C2-AC98-39C745B70027}.Debug|Any CPU.Build.0 = Debug|Any CPU
		{FEB61F62-0059-47C2-AC98-39C745B70027}.Release|Any CPU.ActiveCfg = Release|Any CPU
		{FEB61F62-0059-47C2-AC98-39C745B70027}.Release|Any CPU.Build.0 = Release|Any CPU
	EndGlobalSection
	GlobalSection(SolutionProperties) = preSolution
		HideSolutionNode = FALSE
	EndGlobalSection
EndGlobal
