
Microsoft Visual Studio Solution File, Format Version 12.00
# Visual Studio 2012
Project("{FAE04EC0-301F-11D3-BF4B-00C04F79EFBC}") = "SocialFeedViewer", "SocialFeedViewer.csproj", "{E34A15F5-0FEE-496A-9E46-FE4794AAAF98}"
EndProject
Global
	GlobalSection(SolutionConfigurationPlatforms) = preSolution
		Debug|Any CPU = Debug|Any CPU
		Release|Any CPU = Release|Any CPU
	EndGlobalSection
	GlobalSection(ProjectConfigurationPlatforms) = postSolution
		{E34A15F5-0FEE-496A-9E46-FE4794AAAF98}.Debug|Any CPU.ActiveCfg = Debug|Any CPU
		{E34A15F5-0FEE-496A-9E46-FE4794AAAF98}.Debug|Any CPU.Build.0 = Debug|Any CPU
		{E34A15F5-0FEE-496A-9E46-FE4794AAAF98}.Release|Any CPU.ActiveCfg = Release|Any CPU
		{E34A15F5-0FEE-496A-9E46-FE4794AAAF98}.Release|Any CPU.Build.0 = Release|Any CPU
	EndGlobalSection
	GlobalSection(SolutionProperties) = preSolution
		HideSolutionNode = FALSE
	EndGlobalSection
EndGlobal
