
Microsoft Visual Studio Solution File, Format Version 12.00
# Visual Studio 2012
Project("{FAE04EC0-301F-11D3-BF4B-00C04F79EFBC}") = "AnnRemoteEventReceiverApp", "AnnRemoteEventReceiverApp\AnnRemoteEventReceiverApp.csproj", "{7E7EC1F3-7473-4732-BED4-04B0BE8A60E4}"
EndProject
Project("{FAE04EC0-301F-11D3-BF4B-00C04F79EFBC}") = "AnnRemoteEventReceiverAppWeb", "AnnRemoteEventReceiverAppWeb\AnnRemoteEventReceiverAppWeb.csproj", "{A3171713-5BA7-4E66-8EFC-39094795DA07}"
EndProject
Global
	GlobalSection(SolutionConfigurationPlatforms) = preSolution
		Debug|Any CPU = Debug|Any CPU
		Release|Any CPU = Release|Any CPU
	EndGlobalSection
	GlobalSection(ProjectConfigurationPlatforms) = postSolution
		{7E7EC1F3-7473-4732-BED4-04B0BE8A60E4}.Debug|Any CPU.ActiveCfg = Debug|Any CPU
		{7E7EC1F3-7473-4732-BED4-04B0BE8A60E4}.Debug|Any CPU.Build.0 = Debug|Any CPU
		{7E7EC1F3-7473-4732-BED4-04B0BE8A60E4}.Debug|Any CPU.Deploy.0 = Debug|Any CPU
		{7E7EC1F3-7473-4732-BED4-04B0BE8A60E4}.Release|Any CPU.ActiveCfg = Release|Any CPU
		{7E7EC1F3-7473-4732-BED4-04B0BE8A60E4}.Release|Any CPU.Build.0 = Release|Any CPU
		{7E7EC1F3-7473-4732-BED4-04B0BE8A60E4}.Release|Any CPU.Deploy.0 = Release|Any CPU
		{A3171713-5BA7-4E66-8EFC-39094795DA07}.Debug|Any CPU.ActiveCfg = Debug|Any CPU
		{A3171713-5BA7-4E66-8EFC-39094795DA07}.Debug|Any CPU.Build.0 = Debug|Any CPU
		{A3171713-5BA7-4E66-8EFC-39094795DA07}.Release|Any CPU.ActiveCfg = Release|Any CPU
		{A3171713-5BA7-4E66-8EFC-39094795DA07}.Release|Any CPU.Build.0 = Release|Any CPU
	EndGlobalSection
	GlobalSection(SolutionProperties) = preSolution
		HideSolutionNode = FALSE
	EndGlobalSection
EndGlobal
