
Microsoft Visual Studio Solution File, Format Version 12.00
# Visual Studio 2012
Project("{FAE04EC0-301F-11D3-BF4B-00C04F79EFBC}") = "Doc2Esmx", "Doc2Esmx.csproj", "{55924A33-EB10-4967-881B-EF57B5D7210A}"
EndProject
Global
	GlobalSection(SolutionConfigurationPlatforms) = preSolution
		Debug|Any CPU = Debug|Any CPU
		Release|Any CPU = Release|Any CPU
	EndGlobalSection
	GlobalSection(ProjectConfigurationPlatforms) = postSolution
		{55924A33-EB10-4967-881B-EF57B5D7210A}.Debug|Any CPU.ActiveCfg = Debug|Any CPU
		{55924A33-EB10-4967-881B-EF57B5D7210A}.Debug|Any CPU.Build.0 = Debug|Any CPU
		{55924A33-EB10-4967-881B-EF57B5D7210A}.Debug|Any CPU.Deploy.0 = Debug|Any CPU
		{55924A33-EB10-4967-881B-EF57B5D7210A}.Release|Any CPU.ActiveCfg = Release|Any CPU
		{55924A33-EB10-4967-881B-EF57B5D7210A}.Release|Any CPU.Build.0 = Release|Any CPU
		{55924A33-EB10-4967-881B-EF57B5D7210A}.Release|Any CPU.Deploy.0 = Release|Any CPU
	EndGlobalSection
	GlobalSection(SolutionProperties) = preSolution
		HideSolutionNode = FALSE
	EndGlobalSection
EndGlobal
