
Microsoft Visual Studio Solution File, Format Version 11.00
# Visual Studio 2010
Project("{6870E480-7721-4708-BFB8-9AE898AA21B3}") = "WingtipSalesModelTabular", "WingtipSalesModelTabular\WingtipSalesModelTabular.smproj", "{6F3B4F99-3553-43DF-9CC3-C25FA7E017C8}"
EndProject
Global
	GlobalSection(SolutionConfigurationPlatforms) = preSolution
		Development|x86 = Development|x86
	EndGlobalSection
	GlobalSection(ProjectConfigurationPlatforms) = postSolution
		{6F3B4F99-3553-43DF-9CC3-C25FA7E017C8}.Development|x86.ActiveCfg = Development|x86
		{6F3B4F99-3553-43DF-9CC3-C25FA7E017C8}.Development|x86.Build.0 = Development|x86
		{6F3B4F99-3553-43DF-9CC3-C25FA7E017C8}.Development|x86.Deploy.0 = Development|x86
	EndGlobalSection
	GlobalSection(SolutionProperties) = preSolution
		HideSolutionNode = FALSE
	EndGlobalSection
EndGlobal
