
Microsoft Visual Studio Solution File, Format Version 12.00
# Visual Studio 2012
Project("{FAE04EC0-301F-11D3-BF4B-00C04F79EFBC}") = "CreateResearchLibraries", "CreateResearchLibraries\CreateResearchLibraries.csproj", "{697CA9CE-BDDC-4D52-862A-03824F8E8CC5}"
EndProject
Global
	GlobalSection(SolutionConfigurationPlatforms) = preSolution
		Debug|Any CPU = Debug|Any CPU
		Release|Any CPU = Release|Any CPU
	EndGlobalSection
	GlobalSection(ProjectConfigurationPlatforms) = postSolution
		{697CA9CE-BDDC-4D52-862A-03824F8E8CC5}.Debug|Any CPU.ActiveCfg = Debug|Any CPU
		{697CA9CE-BDDC-4D52-862A-03824F8E8CC5}.Debug|Any CPU.Build.0 = Debug|Any CPU
		{697CA9CE-BDDC-4D52-862A-03824F8E8CC5}.Release|Any CPU.ActiveCfg = Release|Any CPU
		{697CA9CE-BDDC-4D52-862A-03824F8E8CC5}.Release|Any CPU.Build.0 = Release|Any CPU
	EndGlobalSection
	GlobalSection(SolutionProperties) = preSolution
		HideSolutionNode = FALSE
	EndGlobalSection
EndGlobal
