
Microsoft Visual Studio Solution File, Format Version 12.00
# Visual Studio 2013
VisualStudioVersion = 12.0.30723.0
MinimumVisualStudioVersion = 10.0.40219.1
Project("{FAE04EC0-301F-11D3-BF4B-00C04F79EFBC}") = "MyCSOMApp", "MyCSOMApp\MyCSOMApp.csproj", "{BFFCBABF-8C41-4FFF-87F6-39AC0813A01B}"
EndProject
Project("{FAE04EC0-301F-11D3-BF4B-00C04F79EFBC}") = "MyCSOMAppWeb", "MyCSOMAppWeb\MyCSOMAppWeb.csproj", "{69B81837-E1E6-4FCB-8BF4-5F72C3DE0F1E}"
EndProject
Global
	GlobalSection(SolutionConfigurationPlatforms) = preSolution
		Debug|Any CPU = Debug|Any CPU
		Release|Any CPU = Release|Any CPU
	EndGlobalSection
	GlobalSection(ProjectConfigurationPlatforms) = postSolution
		{BFFCBABF-8C41-4FFF-87F6-39AC0813A01B}.Debug|Any CPU.ActiveCfg = Debug|Any CPU
		{BFFCBABF-8C41-4FFF-87F6-39AC0813A01B}.Debug|Any CPU.Build.0 = Debug|Any CPU
		{BFFCBABF-8C41-4FFF-87F6-39AC0813A01B}.Debug|Any CPU.Deploy.0 = Debug|Any CPU
		{BFFCBABF-8C41-4FFF-87F6-39AC0813A01B}.Release|Any CPU.ActiveCfg = Release|Any CPU
		{BFFCBABF-8C41-4FFF-87F6-39AC0813A01B}.Release|Any CPU.Build.0 = Release|Any CPU
		{BFFCBABF-8C41-4FFF-87F6-39AC0813A01B}.Release|Any CPU.Deploy.0 = Release|Any CPU
		{69B81837-E1E6-4FCB-8BF4-5F72C3DE0F1E}.Debug|Any CPU.ActiveCfg = Debug|Any CPU
		{69B81837-E1E6-4FCB-8BF4-5F72C3DE0F1E}.Debug|Any CPU.Build.0 = Debug|Any CPU
		{69B81837-E1E6-4FCB-8BF4-5F72C3DE0F1E}.Release|Any CPU.ActiveCfg = Release|Any CPU
		{69B81837-E1E6-4FCB-8BF4-5F72C3DE0F1E}.Release|Any CPU.Build.0 = Release|Any CPU
	EndGlobalSection
	GlobalSection(SolutionProperties) = preSolution
		HideSolutionNode = FALSE
	EndGlobalSection
EndGlobal
