
Microsoft Visual Studio Solution File, Format Version 12.00
# Visual Studio 2012
Project("{FAE04EC0-301F-11D3-BF4B-00C04F79EFBC}") = "EmployeeDirectory", "EmployeeDirectory\EmployeeDirectory.csproj", "{DE81F6FB-60C0-4766-881E-3BA6F11D51F5}"
EndProject
Global
	GlobalSection(SolutionConfigurationPlatforms) = preSolution
		Debug|Any CPU = Debug|Any CPU
		Release|Any CPU = Release|Any CPU
	EndGlobalSection
	GlobalSection(ProjectConfigurationPlatforms) = postSolution
		{DE81F6FB-60C0-4766-881E-3BA6F11D51F5}.Debug|Any CPU.ActiveCfg = Debug|Any CPU
		{DE81F6FB-60C0-4766-881E-3BA6F11D51F5}.Debug|Any CPU.Build.0 = Debug|Any CPU
		{DE81F6FB-60C0-4766-881E-3BA6F11D51F5}.Debug|Any CPU.Deploy.0 = Debug|Any CPU
		{DE81F6FB-60C0-4766-881E-3BA6F11D51F5}.Release|Any CPU.ActiveCfg = Release|Any CPU
		{DE81F6FB-60C0-4766-881E-3BA6F11D51F5}.Release|Any CPU.Build.0 = Release|Any CPU
		{DE81F6FB-60C0-4766-881E-3BA6F11D51F5}.Release|Any CPU.Deploy.0 = Release|Any CPU
	EndGlobalSection
	GlobalSection(SolutionProperties) = preSolution
		HideSolutionNode = FALSE
	EndGlobalSection
EndGlobal
