
Microsoft Visual Studio Solution File, Format Version 12.00
# Visual Studio 2012
Project("{FAE04EC0-301F-11D3-BF4B-00C04F79EFBC}") = "LearningKnockout", "LearningKnockout\LearningKnockout.csproj", "{3A46B1F0-1C72-4F24-AF5E-B91E68B5CF15}"
EndProject
Global
	GlobalSection(SolutionConfigurationPlatforms) = preSolution
		Debug|Any CPU = Debug|Any CPU
		Release|Any CPU = Release|Any CPU
	EndGlobalSection
	GlobalSection(ProjectConfigurationPlatforms) = postSolution
		{3A46B1F0-1C72-4F24-AF5E-B91E68B5CF15}.Debug|Any CPU.ActiveCfg = Debug|Any CPU
		{3A46B1F0-1C72-4F24-AF5E-B91E68B5CF15}.Debug|Any CPU.Build.0 = Debug|Any CPU
		{3A46B1F0-1C72-4F24-AF5E-B91E68B5CF15}.Release|Any CPU.ActiveCfg = Release|Any CPU
		{3A46B1F0-1C72-4F24-AF5E-B91E68B5CF15}.Release|Any CPU.Build.0 = Release|Any CPU
	EndGlobalSection
	GlobalSection(SolutionProperties) = preSolution
		HideSolutionNode = FALSE
	EndGlobalSection
EndGlobal
