
Microsoft Visual Studio Solution File, Format Version 12.00
# Visual Studio 2012
Project("{FAE04EC0-301F-11D3-BF4B-00C04F79EFBC}") = "MyFirstSharePointHostedApp", "MyFirstSharePointHostedApp.csproj", "{E2E6B490-1686-4362-9587-2CE6A60337DB}"
EndProject
Global
	GlobalSection(SolutionConfigurationPlatforms) = preSolution
		Debug|Any CPU = Debug|Any CPU
		Release|Any CPU = Release|Any CPU
	EndGlobalSection
	GlobalSection(ProjectConfigurationPlatforms) = postSolution
		{E2E6B490-1686-4362-9587-2CE6A60337DB}.Debug|Any CPU.ActiveCfg = Debug|Any CPU
		{E2E6B490-1686-4362-9587-2CE6A60337DB}.Debug|Any CPU.Build.0 = Debug|Any CPU
		{E2E6B490-1686-4362-9587-2CE6A60337DB}.Debug|Any CPU.Deploy.0 = Debug|Any CPU
		{E2E6B490-1686-4362-9587-2CE6A60337DB}.Release|Any CPU.ActiveCfg = Release|Any CPU
		{E2E6B490-1686-4362-9587-2CE6A60337DB}.Release|Any CPU.Build.0 = Release|Any CPU
		{E2E6B490-1686-4362-9587-2CE6A60337DB}.Release|Any CPU.Deploy.0 = Release|Any CPU
	EndGlobalSection
	GlobalSection(SolutionProperties) = preSolution
		HideSolutionNode = FALSE
	EndGlobalSection
EndGlobal
